
Microsoft Visual Studio Solution File, Format Version 12.00
# Visual Studio Version 16
VisualStudioVersion = 16.0.31727.386
MinimumVisualStudioVersion = 10.0.40219.1
Project("{9A19103F-16F7-4668-BE54-9A1E7A4F7556}") = "nom", "nom\nom.csproj", "{A2FA7697-94CA-48C8-8B60-E891339E74DB}"
EndProject
Project("{FAE04EC0-301F-11D3-BF4B-00C04F79EFBC}") = "ConsoleApp2", "ConsoleApp2\ConsoleApp2.csproj", "{F771F2E7-E324-4349-9BFC-7ED19FAE116E}"
EndProject
Project("{FAE04EC0-301F-11D3-BF4B-00C04F79EFBC}") = "test projet", "test projet\test projet.csproj", "{CD3DA49E-5ABF-4E7E-9965-9E596E9AA2A5}"
EndProject
Global
	GlobalSection(SolutionConfigurationPlatforms) = preSolution
		Debug|Any CPU = Debug|Any CPU
		Release|Any CPU = Release|Any CPU
	EndGlobalSection
	GlobalSection(ProjectConfigurationPlatforms) = postSolution
		{A2FA7697-94CA-48C8-8B60-E891339E74DB}.Debug|Any CPU.ActiveCfg = Debug|Any CPU
		{A2FA7697-94CA-48C8-8B60-E891339E74DB}.Debug|Any CPU.Build.0 = Debug|Any CPU
		{A2FA7697-94CA-48C8-8B60-E891339E74DB}.Release|Any CPU.ActiveCfg = Release|Any CPU
		{A2FA7697-94CA-48C8-8B60-E891339E74DB}.Release|Any CPU.Build.0 = Release|Any CPU
		{F771F2E7-E324-4349-9BFC-7ED19FAE116E}.Debug|Any CPU.ActiveCfg = Debug|Any CPU
		{F771F2E7-E324-4349-9BFC-7ED19FAE116E}.Debug|Any CPU.Build.0 = Debug|Any CPU
		{F771F2E7-E324-4349-9BFC-7ED19FAE116E}.Release|Any CPU.ActiveCfg = Release|Any CPU
		{F771F2E7-E324-4349-9BFC-7ED19FAE116E}.Release|Any CPU.Build.0 = Release|Any CPU
		{CD3DA49E-5ABF-4E7E-9965-9E596E9AA2A5}.Debug|Any CPU.ActiveCfg = Debug|Any CPU
		{CD3DA49E-5ABF-4E7E-9965-9E596E9AA2A5}.Debug|Any CPU.Build.0 = Debug|Any CPU
		{CD3DA49E-5ABF-4E7E-9965-9E596E9AA2A5}.Release|Any CPU.ActiveCfg = Release|Any CPU
		{CD3DA49E-5ABF-4E7E-9965-9E596E9AA2A5}.Release|Any CPU.Build.0 = Release|Any CPU
	EndGlobalSection
	GlobalSection(SolutionProperties) = preSolution
		HideSolutionNode = FALSE
	EndGlobalSection
	GlobalSection(ExtensibilityGlobals) = postSolution
		SolutionGuid = {461D0E0C-1358-4ED1-B685-1782F938E1A1}
	EndGlobalSection
EndGlobal
